
Microsoft Visual Studio Solution File, Format Version 12.00
# Visual Studio Version 17
VisualStudioVersion = 17.14.36310.24
MinimumVisualStudioVersion = 10.0.40219.1
Project("{8BC9CEB8-8B4A-11D0-8D11-00A0C91BC942}") = "hello", "hello_src\hello.vcxproj", "{A40DA35D-0798-433F-A02E-E62FFA65BBC0}"
EndProject
Project("{8BC9CEB8-8B4A-11D0-8D11-00A0C91BC942}") = "hello32", "hello_src\hello32.vcxproj", "{828E9025-E6A6-4DA5-9C38-40112788737E}"
EndProject
Project("{8BC9CEB8-8B4A-11D0-8D11-00A0C91BC942}") = "hello64", "hello_src\hello64.vcxproj", "{2C3F94F2-BB7A-4137-A648-C469B14E6784}"
EndProject
Project("{8BC9CEB8-8B4A-11D0-8D11-00A0C91BC942}") = "hello_none", "hello_src\hello_none.vcxproj", "{A44FC7FD-9D7A-4239-A8B5-2E76D5DC05B4}"
EndProject
Project("{8BC9CEB8-8B4A-11D0-8D11-00A0C91BC942}") = "arcanoid", "arcanoid\arcanoid.vcxproj", "{659B7966-3618-4F20-9442-0D12084A6EAE}"
EndProject
Project("{2150E333-8FDC-42A3-9474-1A3956D46DE8}") = "root", "root", "{02EA681E-C7D8-13C7-8484-4AC65E1B71E8}"
	ProjectSection(SolutionItems) = preProject
		hello_coder.props = hello_coder.props
	EndProjectSection
EndProject
Project("{2150E333-8FDC-42A3-9474-1A3956D46DE8}") = "hello_src", "hello_src", "{A01B6D17-B475-42FF-AA31-319239177F6D}"
EndProject
Project("{8BC9CEB8-8B4A-11D0-8D11-00A0C91BC942}") = "cpp_experiments", "cpp_experiments\cpp_experiments.vcxproj", "{5743AC13-B858-4145-9794-98EF8D8F84F3}"
EndProject
Project("{8BC9CEB8-8B4A-11D0-8D11-00A0C91BC942}") = "Skybound", "Skybound\Skybound.vcxproj", "{10688C60-EF31-4273-AD91-92B1CAC3E8E6}"
EndProject
Project("{2150E333-8FDC-42A3-9474-1A3956D46DE8}") = "3rdparty", "3rdparty", "{534D88AA-5C54-4247-8E55-EB50908B1E69}"
EndProject
Project("{8BC9CEB8-8B4A-11D0-8D11-00A0C91BC942}") = "freetype", "3rdparty\freetype\freetype.vcxproj", "{C0F6BE5C-F3A8-47B5-BA00-F5503CA4EC67}"
EndProject
Project("{8BC9CEB8-8B4A-11D0-8D11-00A0C91BC942}") = "zlib", "3rdparty\zlib\zlib.vcxproj", "{A1155B6F-131A-491F-A1FA-21A91763C3C8}"
EndProject
Project("{8BC9CEB8-8B4A-11D0-8D11-00A0C91BC942}") = "libpng", "3rdparty\libpng\libpng.vcxproj", "{8E769520-9C6F-48BE-8550-DDD52E9C014E}"
EndProject
Project("{8BC9CEB8-8B4A-11D0-8D11-00A0C91BC942}") = "win_experiments", "win_experiments\win_experiments.vcxproj", "{6820F638-4323-427E-BB28-4C992D393122}"
EndProject
Project("{8BC9CEB8-8B4A-11D0-8D11-00A0C91BC942}") = "win_injecter", "win_injecter\win_injecter.vcxproj", "{E926F972-F1F9-4C35-8F88-84091255C9E4}"
	ProjectSection(ProjectDependencies) = postProject
		{51BAC4ED-1EE8-4519-AA00-EE9E2E11C2AF} = {51BAC4ED-1EE8-4519-AA00-EE9E2E11C2AF}
	EndProjectSection
EndProject
Project("{8BC9CEB8-8B4A-11D0-8D11-00A0C91BC942}") = "testdll", "testdll\testdll.vcxproj", "{51BAC4ED-1EE8-4519-AA00-EE9E2E11C2AF}"
EndProject
Project("{8BC9CEB8-8B4A-11D0-8D11-00A0C91BC942}") = "SkyboundLib", "Skybound\SkyboundLib.vcxproj", "{902C2B27-E89B-49A1-8F41-6E3F4F360344}"
EndProject
Project("{8BC9CEB8-8B4A-11D0-8D11-00A0C91BC942}") = "win_win", "win_win\win_win.vcxproj", "{7B3097BB-F630-4489-B31F-085FE2AF736A}"
EndProject
Project("{8BC9CEB8-8B4A-11D0-8D11-00A0C91BC942}") = "proc_runner", "proc_runner\proc_runner.vcxproj", "{91AB3CC0-438F-4F95-83B2-45B14604BCCC}"
EndProject
Project("{8BC9CEB8-8B4A-11D0-8D11-00A0C91BC942}") = "drv_sample", "drv_sample\drv_sample.vcxproj", "{F440AEA2-CFB9-442D-0DF4-8C46665A94CF}"
EndProject
Project("{8BC9CEB8-8B4A-11D0-8D11-00A0C91BC942}") = "drv_tool", "drv_tool\drv_tool.vcxproj", "{20565026-F172-4E9F-B63C-3866336DD2DF}"
EndProject
Global
	GlobalSection(SolutionConfigurationPlatforms) = preSolution
		Debug|x64 = Debug|x64
		Debug|x86 = Debug|x86
		Release|x64 = Release|x64
		Release|x86 = Release|x86
	EndGlobalSection
	GlobalSection(ProjectConfigurationPlatforms) = postSolution
		{A40DA35D-0798-433F-A02E-E62FFA65BBC0}.Debug|x64.ActiveCfg = Debug|x64
		{A40DA35D-0798-433F-A02E-E62FFA65BBC0}.Debug|x64.Build.0 = Debug|x64
		{A40DA35D-0798-433F-A02E-E62FFA65BBC0}.Debug|x86.ActiveCfg = Debug|Win32
		{A40DA35D-0798-433F-A02E-E62FFA65BBC0}.Debug|x86.Build.0 = Debug|Win32
		{A40DA35D-0798-433F-A02E-E62FFA65BBC0}.Release|x64.ActiveCfg = Release|x64
		{A40DA35D-0798-433F-A02E-E62FFA65BBC0}.Release|x64.Build.0 = Release|x64
		{A40DA35D-0798-433F-A02E-E62FFA65BBC0}.Release|x86.ActiveCfg = Release|Win32
		{A40DA35D-0798-433F-A02E-E62FFA65BBC0}.Release|x86.Build.0 = Release|Win32
		{828E9025-E6A6-4DA5-9C38-40112788737E}.Debug|x64.ActiveCfg = Debug|Win32
		{828E9025-E6A6-4DA5-9C38-40112788737E}.Debug|x64.Build.0 = Debug|Win32
		{828E9025-E6A6-4DA5-9C38-40112788737E}.Debug|x86.ActiveCfg = Debug|Win32
		{828E9025-E6A6-4DA5-9C38-40112788737E}.Debug|x86.Build.0 = Debug|Win32
		{828E9025-E6A6-4DA5-9C38-40112788737E}.Release|x64.ActiveCfg = Release|Win32
		{828E9025-E6A6-4DA5-9C38-40112788737E}.Release|x64.Build.0 = Release|Win32
		{828E9025-E6A6-4DA5-9C38-40112788737E}.Release|x86.ActiveCfg = Release|Win32
		{828E9025-E6A6-4DA5-9C38-40112788737E}.Release|x86.Build.0 = Release|Win32
		{2C3F94F2-BB7A-4137-A648-C469B14E6784}.Debug|x64.ActiveCfg = Debug|x64
		{2C3F94F2-BB7A-4137-A648-C469B14E6784}.Debug|x64.Build.0 = Debug|x64
		{2C3F94F2-BB7A-4137-A648-C469B14E6784}.Debug|x86.ActiveCfg = Debug|x64
		{2C3F94F2-BB7A-4137-A648-C469B14E6784}.Debug|x86.Build.0 = Debug|x64
		{2C3F94F2-BB7A-4137-A648-C469B14E6784}.Release|x64.ActiveCfg = Release|x64
		{2C3F94F2-BB7A-4137-A648-C469B14E6784}.Release|x64.Build.0 = Release|x64
		{2C3F94F2-BB7A-4137-A648-C469B14E6784}.Release|x86.ActiveCfg = Release|x64
		{2C3F94F2-BB7A-4137-A648-C469B14E6784}.Release|x86.Build.0 = Release|x64
		{A44FC7FD-9D7A-4239-A8B5-2E76D5DC05B4}.Debug|x64.ActiveCfg = Debug|x64
		{A44FC7FD-9D7A-4239-A8B5-2E76D5DC05B4}.Debug|x64.Build.0 = Debug|x64
		{A44FC7FD-9D7A-4239-A8B5-2E76D5DC05B4}.Debug|x86.ActiveCfg = Debug|Win32
		{A44FC7FD-9D7A-4239-A8B5-2E76D5DC05B4}.Debug|x86.Build.0 = Debug|Win32
		{A44FC7FD-9D7A-4239-A8B5-2E76D5DC05B4}.Release|x64.ActiveCfg = Release|x64
		{A44FC7FD-9D7A-4239-A8B5-2E76D5DC05B4}.Release|x64.Build.0 = Release|x64
		{A44FC7FD-9D7A-4239-A8B5-2E76D5DC05B4}.Release|x86.ActiveCfg = Release|Win32
		{A44FC7FD-9D7A-4239-A8B5-2E76D5DC05B4}.Release|x86.Build.0 = Release|Win32
		{659B7966-3618-4F20-9442-0D12084A6EAE}.Debug|x64.ActiveCfg = Debug|x64
		{659B7966-3618-4F20-9442-0D12084A6EAE}.Debug|x64.Build.0 = Debug|x64
		{659B7966-3618-4F20-9442-0D12084A6EAE}.Debug|x86.ActiveCfg = Debug|Win32
		{659B7966-3618-4F20-9442-0D12084A6EAE}.Debug|x86.Build.0 = Debug|Win32
		{659B7966-3618-4F20-9442-0D12084A6EAE}.Release|x64.ActiveCfg = Release|x64
		{659B7966-3618-4F20-9442-0D12084A6EAE}.Release|x64.Build.0 = Release|x64
		{659B7966-3618-4F20-9442-0D12084A6EAE}.Release|x86.ActiveCfg = Release|Win32
		{659B7966-3618-4F20-9442-0D12084A6EAE}.Release|x86.Build.0 = Release|Win32
		{5743AC13-B858-4145-9794-98EF8D8F84F3}.Debug|x64.ActiveCfg = Debug|x64
		{5743AC13-B858-4145-9794-98EF8D8F84F3}.Debug|x64.Build.0 = Debug|x64
		{5743AC13-B858-4145-9794-98EF8D8F84F3}.Debug|x86.ActiveCfg = Debug|Win32
		{5743AC13-B858-4145-9794-98EF8D8F84F3}.Debug|x86.Build.0 = Debug|Win32
		{5743AC13-B858-4145-9794-98EF8D8F84F3}.Release|x64.ActiveCfg = Release|x64
		{5743AC13-B858-4145-9794-98EF8D8F84F3}.Release|x64.Build.0 = Release|x64
		{5743AC13-B858-4145-9794-98EF8D8F84F3}.Release|x86.ActiveCfg = Release|Win32
		{5743AC13-B858-4145-9794-98EF8D8F84F3}.Release|x86.Build.0 = Release|Win32
		{10688C60-EF31-4273-AD91-92B1CAC3E8E6}.Debug|x64.ActiveCfg = Debug|x64
		{10688C60-EF31-4273-AD91-92B1CAC3E8E6}.Debug|x64.Build.0 = Debug|x64
		{10688C60-EF31-4273-AD91-92B1CAC3E8E6}.Debug|x86.ActiveCfg = Debug|Win32
		{10688C60-EF31-4273-AD91-92B1CAC3E8E6}.Debug|x86.Build.0 = Debug|Win32
		{10688C60-EF31-4273-AD91-92B1CAC3E8E6}.Release|x64.ActiveCfg = Release|x64
		{10688C60-EF31-4273-AD91-92B1CAC3E8E6}.Release|x64.Build.0 = Release|x64
		{10688C60-EF31-4273-AD91-92B1CAC3E8E6}.Release|x86.ActiveCfg = Release|Win32
		{10688C60-EF31-4273-AD91-92B1CAC3E8E6}.Release|x86.Build.0 = Release|Win32
		{C0F6BE5C-F3A8-47B5-BA00-F5503CA4EC67}.Debug|x64.ActiveCfg = Debug|x64
		{C0F6BE5C-F3A8-47B5-BA00-F5503CA4EC67}.Debug|x64.Build.0 = Debug|x64
		{C0F6BE5C-F3A8-47B5-BA00-F5503CA4EC67}.Debug|x86.ActiveCfg = Debug|Win32
		{C0F6BE5C-F3A8-47B5-BA00-F5503CA4EC67}.Debug|x86.Build.0 = Debug|Win32
		{C0F6BE5C-F3A8-47B5-BA00-F5503CA4EC67}.Release|x64.ActiveCfg = Release|x64
		{C0F6BE5C-F3A8-47B5-BA00-F5503CA4EC67}.Release|x64.Build.0 = Release|x64
		{C0F6BE5C-F3A8-47B5-BA00-F5503CA4EC67}.Release|x86.ActiveCfg = Release|Win32
		{C0F6BE5C-F3A8-47B5-BA00-F5503CA4EC67}.Release|x86.Build.0 = Release|Win32
		{A1155B6F-131A-491F-A1FA-21A91763C3C8}.Debug|x64.ActiveCfg = Debug|x64
		{A1155B6F-131A-491F-A1FA-21A91763C3C8}.Debug|x64.Build.0 = Debug|x64
		{A1155B6F-131A-491F-A1FA-21A91763C3C8}.Debug|x86.ActiveCfg = Debug|Win32
		{A1155B6F-131A-491F-A1FA-21A91763C3C8}.Debug|x86.Build.0 = Debug|Win32
		{A1155B6F-131A-491F-A1FA-21A91763C3C8}.Release|x64.ActiveCfg = Release|x64
		{A1155B6F-131A-491F-A1FA-21A91763C3C8}.Release|x64.Build.0 = Release|x64
		{A1155B6F-131A-491F-A1FA-21A91763C3C8}.Release|x86.ActiveCfg = Release|Win32
		{A1155B6F-131A-491F-A1FA-21A91763C3C8}.Release|x86.Build.0 = Release|Win32
		{8E769520-9C6F-48BE-8550-DDD52E9C014E}.Debug|x64.ActiveCfg = Debug|x64
		{8E769520-9C6F-48BE-8550-DDD52E9C014E}.Debug|x64.Build.0 = Debug|x64
		{8E769520-9C6F-48BE-8550-DDD52E9C014E}.Debug|x86.ActiveCfg = Debug|Win32
		{8E769520-9C6F-48BE-8550-DDD52E9C014E}.Debug|x86.Build.0 = Debug|Win32
		{8E769520-9C6F-48BE-8550-DDD52E9C014E}.Release|x64.ActiveCfg = Release|x64
		{8E769520-9C6F-48BE-8550-DDD52E9C014E}.Release|x64.Build.0 = Release|x64
		{8E769520-9C6F-48BE-8550-DDD52E9C014E}.Release|x86.ActiveCfg = Release|Win32
		{8E769520-9C6F-48BE-8550-DDD52E9C014E}.Release|x86.Build.0 = Release|Win32
		{6820F638-4323-427E-BB28-4C992D393122}.Debug|x64.ActiveCfg = Debug|x64
		{6820F638-4323-427E-BB28-4C992D393122}.Debug|x64.Build.0 = Debug|x64
		{6820F638-4323-427E-BB28-4C992D393122}.Debug|x86.ActiveCfg = Debug|Win32
		{6820F638-4323-427E-BB28-4C992D393122}.Debug|x86.Build.0 = Debug|Win32
		{6820F638-4323-427E-BB28-4C992D393122}.Release|x64.ActiveCfg = Release|x64
		{6820F638-4323-427E-BB28-4C992D393122}.Release|x64.Build.0 = Release|x64
		{6820F638-4323-427E-BB28-4C992D393122}.Release|x86.ActiveCfg = Release|Win32
		{6820F638-4323-427E-BB28-4C992D393122}.Release|x86.Build.0 = Release|Win32
		{E926F972-F1F9-4C35-8F88-84091255C9E4}.Debug|x64.ActiveCfg = Debug|x64
		{E926F972-F1F9-4C35-8F88-84091255C9E4}.Debug|x64.Build.0 = Debug|x64
		{E926F972-F1F9-4C35-8F88-84091255C9E4}.Debug|x86.ActiveCfg = Debug|Win32
		{E926F972-F1F9-4C35-8F88-84091255C9E4}.Debug|x86.Build.0 = Debug|Win32
		{E926F972-F1F9-4C35-8F88-84091255C9E4}.Release|x64.ActiveCfg = Release|x64
		{E926F972-F1F9-4C35-8F88-84091255C9E4}.Release|x64.Build.0 = Release|x64
		{E926F972-F1F9-4C35-8F88-84091255C9E4}.Release|x86.ActiveCfg = Release|Win32
		{E926F972-F1F9-4C35-8F88-84091255C9E4}.Release|x86.Build.0 = Release|Win32
		{51BAC4ED-1EE8-4519-AA00-EE9E2E11C2AF}.Debug|x64.ActiveCfg = Debug|x64
		{51BAC4ED-1EE8-4519-AA00-EE9E2E11C2AF}.Debug|x64.Build.0 = Debug|x64
		{51BAC4ED-1EE8-4519-AA00-EE9E2E11C2AF}.Debug|x86.ActiveCfg = Debug|Win32
		{51BAC4ED-1EE8-4519-AA00-EE9E2E11C2AF}.Debug|x86.Build.0 = Debug|Win32
		{51BAC4ED-1EE8-4519-AA00-EE9E2E11C2AF}.Release|x64.ActiveCfg = Release|x64
		{51BAC4ED-1EE8-4519-AA00-EE9E2E11C2AF}.Release|x64.Build.0 = Release|x64
		{51BAC4ED-1EE8-4519-AA00-EE9E2E11C2AF}.Release|x86.ActiveCfg = Release|Win32
		{51BAC4ED-1EE8-4519-AA00-EE9E2E11C2AF}.Release|x86.Build.0 = Release|Win32
		{902C2B27-E89B-49A1-8F41-6E3F4F360344}.Debug|x64.ActiveCfg = Debug|x64
		{902C2B27-E89B-49A1-8F41-6E3F4F360344}.Debug|x64.Build.0 = Debug|x64
		{902C2B27-E89B-49A1-8F41-6E3F4F360344}.Debug|x86.ActiveCfg = Debug|Win32
		{902C2B27-E89B-49A1-8F41-6E3F4F360344}.Debug|x86.Build.0 = Debug|Win32
		{902C2B27-E89B-49A1-8F41-6E3F4F360344}.Release|x64.ActiveCfg = Release|x64
		{902C2B27-E89B-49A1-8F41-6E3F4F360344}.Release|x64.Build.0 = Release|x64
		{902C2B27-E89B-49A1-8F41-6E3F4F360344}.Release|x86.ActiveCfg = Release|Win32
		{902C2B27-E89B-49A1-8F41-6E3F4F360344}.Release|x86.Build.0 = Release|Win32
		{7B3097BB-F630-4489-B31F-085FE2AF736A}.Debug|x64.ActiveCfg = Debug|x64
		{7B3097BB-F630-4489-B31F-085FE2AF736A}.Debug|x64.Build.0 = Debug|x64
		{7B3097BB-F630-4489-B31F-085FE2AF736A}.Debug|x86.ActiveCfg = Debug|Win32
		{7B3097BB-F630-4489-B31F-085FE2AF736A}.Debug|x86.Build.0 = Debug|Win32
		{7B3097BB-F630-4489-B31F-085FE2AF736A}.Release|x64.ActiveCfg = Release|x64
		{7B3097BB-F630-4489-B31F-085FE2AF736A}.Release|x64.Build.0 = Release|x64
		{7B3097BB-F630-4489-B31F-085FE2AF736A}.Release|x86.ActiveCfg = Release|Win32
		{7B3097BB-F630-4489-B31F-085FE2AF736A}.Release|x86.Build.0 = Release|Win32
		{91AB3CC0-438F-4F95-83B2-45B14604BCCC}.Debug|x64.ActiveCfg = Debug|x64
		{91AB3CC0-438F-4F95-83B2-45B14604BCCC}.Debug|x64.Build.0 = Debug|x64
		{91AB3CC0-438F-4F95-83B2-45B14604BCCC}.Debug|x86.ActiveCfg = Debug|Win32
		{91AB3CC0-438F-4F95-83B2-45B14604BCCC}.Debug|x86.Build.0 = Debug|Win32
		{91AB3CC0-438F-4F95-83B2-45B14604BCCC}.Release|x64.ActiveCfg = Release|x64
		{91AB3CC0-438F-4F95-83B2-45B14604BCCC}.Release|x64.Build.0 = Release|x64
		{91AB3CC0-438F-4F95-83B2-45B14604BCCC}.Release|x86.ActiveCfg = Release|Win32
		{91AB3CC0-438F-4F95-83B2-45B14604BCCC}.Release|x86.Build.0 = Release|Win32
		{F440AEA2-CFB9-442D-0DF4-8C46665A94CF}.Debug|x64.ActiveCfg = Debug|x64
		{F440AEA2-CFB9-442D-0DF4-8C46665A94CF}.Debug|x64.Build.0 = Debug|x64
		{F440AEA2-CFB9-442D-0DF4-8C46665A94CF}.Debug|x64.Deploy.0 = Debug|x64
		{F440AEA2-CFB9-442D-0DF4-8C46665A94CF}.Debug|x86.ActiveCfg = Debug|x64
		{F440AEA2-CFB9-442D-0DF4-8C46665A94CF}.Debug|x86.Build.0 = Debug|x64
		{F440AEA2-CFB9-442D-0DF4-8C46665A94CF}.Debug|x86.Deploy.0 = Debug|x64
		{F440AEA2-CFB9-442D-0DF4-8C46665A94CF}.Release|x64.ActiveCfg = Release|x64
		{F440AEA2-CFB9-442D-0DF4-8C46665A94CF}.Release|x64.Build.0 = Release|x64
		{F440AEA2-CFB9-442D-0DF4-8C46665A94CF}.Release|x64.Deploy.0 = Release|x64
		{F440AEA2-CFB9-442D-0DF4-8C46665A94CF}.Release|x86.ActiveCfg = Release|x64
		{F440AEA2-CFB9-442D-0DF4-8C46665A94CF}.Release|x86.Build.0 = Release|x64
		{F440AEA2-CFB9-442D-0DF4-8C46665A94CF}.Release|x86.Deploy.0 = Release|x64
		{20565026-F172-4E9F-B63C-3866336DD2DF}.Debug|x64.ActiveCfg = Debug|x64
		{20565026-F172-4E9F-B63C-3866336DD2DF}.Debug|x64.Build.0 = Debug|x64
		{20565026-F172-4E9F-B63C-3866336DD2DF}.Debug|x86.ActiveCfg = Debug|Win32
		{20565026-F172-4E9F-B63C-3866336DD2DF}.Debug|x86.Build.0 = Debug|Win32
		{20565026-F172-4E9F-B63C-3866336DD2DF}.Release|x64.ActiveCfg = Release|x64
		{20565026-F172-4E9F-B63C-3866336DD2DF}.Release|x64.Build.0 = Release|x64
		{20565026-F172-4E9F-B63C-3866336DD2DF}.Release|x86.ActiveCfg = Release|Win32
		{20565026-F172-4E9F-B63C-3866336DD2DF}.Release|x86.Build.0 = Release|Win32
	EndGlobalSection
	GlobalSection(SolutionProperties) = preSolution
		HideSolutionNode = FALSE
	EndGlobalSection
	GlobalSection(NestedProjects) = preSolution
		{A40DA35D-0798-433F-A02E-E62FFA65BBC0} = {A01B6D17-B475-42FF-AA31-319239177F6D}
		{828E9025-E6A6-4DA5-9C38-40112788737E} = {A01B6D17-B475-42FF-AA31-319239177F6D}
		{2C3F94F2-BB7A-4137-A648-C469B14E6784} = {A01B6D17-B475-42FF-AA31-319239177F6D}
		{A44FC7FD-9D7A-4239-A8B5-2E76D5DC05B4} = {A01B6D17-B475-42FF-AA31-319239177F6D}
		{C0F6BE5C-F3A8-47B5-BA00-F5503CA4EC67} = {534D88AA-5C54-4247-8E55-EB50908B1E69}
		{A1155B6F-131A-491F-A1FA-21A91763C3C8} = {534D88AA-5C54-4247-8E55-EB50908B1E69}
		{8E769520-9C6F-48BE-8550-DDD52E9C014E} = {534D88AA-5C54-4247-8E55-EB50908B1E69}
	EndGlobalSection
	GlobalSection(ExtensibilityGlobals) = postSolution
		SolutionGuid = {62270D29-1595-4EEC-9034-32023931E78E}
	EndGlobalSection
EndGlobal
