
Microsoft Visual Studio Solution File, Format Version 12.00
# Visual Studio Version 17
VisualStudioVersion = 17.14.36310.24
MinimumVisualStudioVersion = 10.0.40219.1
Project("{8BC9CEB8-8B4A-11D0-8D11-00A0C91BC942}") = "hello", "hello_src\hello.vcxproj", "{A40DA35D-0798-433F-A02E-E62FFA65BBC0}"
EndProject
Project("{8BC9CEB8-8B4A-11D0-8D11-00A0C91BC942}") = "hello32", "hello_src\hello32.vcxproj", "{828E9025-E6A6-4DA5-9C38-40112788737E}"
EndProject
Project("{8BC9CEB8-8B4A-11D0-8D11-00A0C91BC942}") = "hello64", "hello_src\hello64.vcxproj", "{2C3F94F2-BB7A-4137-A648-C469B14E6784}"
EndProject
Project("{8BC9CEB8-8B4A-11D0-8D11-00A0C91BC942}") = "hello_none", "hello_src\hello_none.vcxproj", "{A44FC7FD-9D7A-4239-A8B5-2E76D5DC05B4}"
EndProject
Project("{8BC9CEB8-8B4A-11D0-8D11-00A0C91BC942}") = "arcanoid", "arcanoid\arcanoid.vcxproj", "{659B7966-3618-4F20-9442-0D12084A6EAE}"
EndProject
Project("{2150E333-8FDC-42A3-9474-1A3956D46DE8}") = "root", "root", "{02EA681E-C7D8-13C7-8484-4AC65E1B71E8}"
	ProjectSection(SolutionItems) = preProject
		hello_coder.props = hello_coder.props
	EndProjectSection
EndProject
Project("{2150E333-8FDC-42A3-9474-1A3956D46DE8}") = "hello_src", "hello_src", "{A01B6D17-B475-42FF-AA31-319239177F6D}"
EndProject
Global
	GlobalSection(SolutionConfigurationPlatforms) = preSolution
		Debug|x64 = Debug|x64
		Debug|x86 = Debug|x86
		Release|x64 = Release|x64
		Release|x86 = Release|x86
	EndGlobalSection
	GlobalSection(ProjectConfigurationPlatforms) = postSolution
		{A40DA35D-0798-433F-A02E-E62FFA65BBC0}.Debug|x64.ActiveCfg = Debug|x64
		{A40DA35D-0798-433F-A02E-E62FFA65BBC0}.Debug|x64.Build.0 = Debug|x64
		{A40DA35D-0798-433F-A02E-E62FFA65BBC0}.Debug|x86.ActiveCfg = Debug|Win32
		{A40DA35D-0798-433F-A02E-E62FFA65BBC0}.Debug|x86.Build.0 = Debug|Win32
		{A40DA35D-0798-433F-A02E-E62FFA65BBC0}.Release|x64.ActiveCfg = Release|x64
		{A40DA35D-0798-433F-A02E-E62FFA65BBC0}.Release|x64.Build.0 = Release|x64
		{A40DA35D-0798-433F-A02E-E62FFA65BBC0}.Release|x86.ActiveCfg = Release|Win32
		{A40DA35D-0798-433F-A02E-E62FFA65BBC0}.Release|x86.Build.0 = Release|Win32
		{828E9025-E6A6-4DA5-9C38-40112788737E}.Debug|x64.ActiveCfg = Debug|Win32
		{828E9025-E6A6-4DA5-9C38-40112788737E}.Debug|x64.Build.0 = Debug|Win32
		{828E9025-E6A6-4DA5-9C38-40112788737E}.Debug|x86.ActiveCfg = Debug|Win32
		{828E9025-E6A6-4DA5-9C38-40112788737E}.Debug|x86.Build.0 = Debug|Win32
		{828E9025-E6A6-4DA5-9C38-40112788737E}.Release|x64.ActiveCfg = Release|Win32
		{828E9025-E6A6-4DA5-9C38-40112788737E}.Release|x64.Build.0 = Release|Win32
		{828E9025-E6A6-4DA5-9C38-40112788737E}.Release|x86.ActiveCfg = Release|Win32
		{828E9025-E6A6-4DA5-9C38-40112788737E}.Release|x86.Build.0 = Release|Win32
		{2C3F94F2-BB7A-4137-A648-C469B14E6784}.Debug|x64.ActiveCfg = Debug|x64
		{2C3F94F2-BB7A-4137-A648-C469B14E6784}.Debug|x64.Build.0 = Debug|x64
		{2C3F94F2-BB7A-4137-A648-C469B14E6784}.Debug|x86.ActiveCfg = Debug|x64
		{2C3F94F2-BB7A-4137-A648-C469B14E6784}.Debug|x86.Build.0 = Debug|x64
		{2C3F94F2-BB7A-4137-A648-C469B14E6784}.Release|x64.ActiveCfg = Release|x64
		{2C3F94F2-BB7A-4137-A648-C469B14E6784}.Release|x64.Build.0 = Release|x64
		{2C3F94F2-BB7A-4137-A648-C469B14E6784}.Release|x86.ActiveCfg = Release|x64
		{2C3F94F2-BB7A-4137-A648-C469B14E6784}.Release|x86.Build.0 = Release|x64
		{A44FC7FD-9D7A-4239-A8B5-2E76D5DC05B4}.Debug|x64.ActiveCfg = Debug|x64
		{A44FC7FD-9D7A-4239-A8B5-2E76D5DC05B4}.Debug|x64.Build.0 = Debug|x64
		{A44FC7FD-9D7A-4239-A8B5-2E76D5DC05B4}.Debug|x86.ActiveCfg = Debug|Win32
		{A44FC7FD-9D7A-4239-A8B5-2E76D5DC05B4}.Debug|x86.Build.0 = Debug|Win32
		{A44FC7FD-9D7A-4239-A8B5-2E76D5DC05B4}.Release|x64.ActiveCfg = Release|x64
		{A44FC7FD-9D7A-4239-A8B5-2E76D5DC05B4}.Release|x64.Build.0 = Release|x64
		{A44FC7FD-9D7A-4239-A8B5-2E76D5DC05B4}.Release|x86.ActiveCfg = Release|Win32
		{A44FC7FD-9D7A-4239-A8B5-2E76D5DC05B4}.Release|x86.Build.0 = Release|Win32
		{659B7966-3618-4F20-9442-0D12084A6EAE}.Debug|x64.ActiveCfg = Debug|x64
		{659B7966-3618-4F20-9442-0D12084A6EAE}.Debug|x64.Build.0 = Debug|x64
		{659B7966-3618-4F20-9442-0D12084A6EAE}.Debug|x86.ActiveCfg = Debug|Win32
		{659B7966-3618-4F20-9442-0D12084A6EAE}.Debug|x86.Build.0 = Debug|Win32
		{659B7966-3618-4F20-9442-0D12084A6EAE}.Release|x64.ActiveCfg = Release|x64
		{659B7966-3618-4F20-9442-0D12084A6EAE}.Release|x64.Build.0 = Release|x64
		{659B7966-3618-4F20-9442-0D12084A6EAE}.Release|x86.ActiveCfg = Release|Win32
		{659B7966-3618-4F20-9442-0D12084A6EAE}.Release|x86.Build.0 = Release|Win32
	EndGlobalSection
	GlobalSection(SolutionProperties) = preSolution
		HideSolutionNode = FALSE
	EndGlobalSection
	GlobalSection(NestedProjects) = preSolution
		{A40DA35D-0798-433F-A02E-E62FFA65BBC0} = {A01B6D17-B475-42FF-AA31-319239177F6D}
		{828E9025-E6A6-4DA5-9C38-40112788737E} = {A01B6D17-B475-42FF-AA31-319239177F6D}
		{2C3F94F2-BB7A-4137-A648-C469B14E6784} = {A01B6D17-B475-42FF-AA31-319239177F6D}
		{A44FC7FD-9D7A-4239-A8B5-2E76D5DC05B4} = {A01B6D17-B475-42FF-AA31-319239177F6D}
	EndGlobalSection
	GlobalSection(ExtensibilityGlobals) = postSolution
		SolutionGuid = {62270D29-1595-4EEC-9034-32023931E78E}
	EndGlobalSection
EndGlobal
